<?xml version="1.0" encoding="utf-8"?>
<Project ToolsVersion="4.0" xmlns="http://schemas.microsoft.com/developer/msbuild/2003">
  <ItemGroup>
    <Filter Include="Modules">
      <UniqueIdentifier>{53f96215-6e08-47c6-9bcc-e4b72674d166}</UniqueIdentifier>
    </Filter>
  </ItemGroup>
  <ItemGroup>
    <ClCompile Include="rpsCommunicator.cpp" />
    <ClCompile Include="rpsFoundation.cpp" />
    <ClCompile Include="rpsHandleManager.cpp" />
    <ClCompile Include="rpsMainModule.cpp" />
    <ClCompile Include="rpsNetwork.cpp" />
    <ClCompile Include="rpsPCH.cpp" />
    <ClCompile Include="Modules\rpsFileModule.cpp">
      <Filter>Modules</Filter>
    </ClCompile>
    <ClCompile Include="Modules\rpsMemoryModule.cpp">
      <Filter>Modules</Filter>
    </ClCompile>
    <ClCompile Include="Modules\rpsSyncModule.cpp">
      <Filter>Modules</Filter>
    </ClCompile>
    <ClCompile Include="Modules\rpsThreadModule.cpp">
      <Filter>Modules</Filter>
    </ClCompile>
    <ClCompile Include="Modules\rpsTimeModule.cpp">
      <Filter>Modules</Filter>
    </ClCompile>
  </ItemGroup>
  <ItemGroup>
    <ClInclude Include="rps.h" />
    <ClInclude Include="rpsCommunicator.h" />
    <ClInclude Include="rpsFoundation.h" />
    <ClInclude Include="rpsFuncTypes.h" />
    <ClInclude Include="rpsInlines.h" />
    <ClInclude Include="rpsInternal.h" />
    <ClInclude Include="rpsNetwork.h" />
    <ClInclude Include="rpsPCH.h" />
  </ItemGroup>
</Project>